
Microsoft Visual Studio Solution File, Format Version 12.00
# Visual Studio Version 16
VisualStudioVersion = 16.0.29920.165
MinimumVisualStudioVersion = 10.0.40219.1
Project("{FAE04EC0-301F-11D3-BF4B-00C04F79EFBC}") = "GrpcService1", "GrpcService1\GrpcService1.csproj", "{C7497FAF-F39F-4060-A81F-C03255F5F35C}"
EndProject
Project("{FAE04EC0-301F-11D3-BF4B-00C04F79EFBC}") = "ConsoleApp1", "ConsoleApp1\ConsoleApp1.csproj", "{BA73F782-4AE7-4E48-B0FE-86757BFB332F}"
EndProject
Global
	GlobalSection(SolutionConfigurationPlatforms) = preSolution
		Debug|Any CPU = Debug|Any CPU
		Release|Any CPU = Release|Any CPU
	EndGlobalSection
	GlobalSection(ProjectConfigurationPlatforms) = postSolution
		{C7497FAF-F39F-4060-A81F-C03255F5F35C}.Debug|Any CPU.ActiveCfg = Debug|Any CPU
		{C7497FAF-F39F-4060-A81F-C03255F5F35C}.Debug|Any CPU.Build.0 = Debug|Any CPU
		{C7497FAF-F39F-4060-A81F-C03255F5F35C}.Release|Any CPU.ActiveCfg = Release|Any CPU
		{C7497FAF-F39F-4060-A81F-C03255F5F35C}.Release|Any CPU.Build.0 = Release|Any CPU
		{BA73F782-4AE7-4E48-B0FE-86757BFB332F}.Debug|Any CPU.ActiveCfg = Debug|Any CPU
		{BA73F782-4AE7-4E48-B0FE-86757BFB332F}.Debug|Any CPU.Build.0 = Debug|Any CPU
		{BA73F782-4AE7-4E48-B0FE-86757BFB332F}.Release|Any CPU.ActiveCfg = Release|Any CPU
		{BA73F782-4AE7-4E48-B0FE-86757BFB332F}.Release|Any CPU.Build.0 = Release|Any CPU
	EndGlobalSection
	GlobalSection(SolutionProperties) = preSolution
		HideSolutionNode = FALSE
	EndGlobalSection
	GlobalSection(ExtensibilityGlobals) = postSolution
		SolutionGuid = {7F468BA1-C8C0-4ABF-9A19-3C207EA872CC}
	EndGlobalSection
EndGlobal
